
Microsoft Visual Studio Solution File, Format Version 12.00
# Visual Studio Version 16
VisualStudioVersion = 16.0.34601.136
MinimumVisualStudioVersion = 10.0.40219.1
Project("{FAE04EC0-301F-11D3-BF4B-00C04F79EFBC}") = "NGANHANG", "NGANHANG\NGANHANG.csproj", "{2EFC504C-B3A5-42E6-8A78-376B9A75896A}"
EndProject
Global
	GlobalSection(SolutionConfigurationPlatforms) = preSolution
		Debug|Any CPU = Debug|Any CPU
		Release|Any CPU = Release|Any CPU
	EndGlobalSection
	GlobalSection(ProjectConfigurationPlatforms) = postSolution
		{2EFC504C-B3A5-42E6-8A78-376B9A75896A}.Debug|Any CPU.ActiveCfg = Debug|Any CPU
		{2EFC504C-B3A5-42E6-8A78-376B9A75896A}.Debug|Any CPU.Build.0 = Debug|Any CPU
		{2EFC504C-B3A5-42E6-8A78-376B9A75896A}.Release|Any CPU.ActiveCfg = Release|Any CPU
		{2EFC504C-B3A5-42E6-8A78-376B9A75896A}.Release|Any CPU.Build.0 = Release|Any CPU
	EndGlobalSection
	GlobalSection(SolutionProperties) = preSolution
		HideSolutionNode = FALSE
	EndGlobalSection
	GlobalSection(ExtensibilityGlobals) = postSolution
		SolutionGuid = {CF919AF2-5BDF-40A6-843F-012EAF2C9C37}
	EndGlobalSection
EndGlobal
